
Microsoft Visual Studio Solution File, Format Version 12.00
# Visual Studio Version 16
VisualStudioVersion = 16.0.31729.503
MinimumVisualStudioVersion = 10.0.40219.1
Project("{FAE04EC0-301F-11D3-BF4B-00C04F79EFBC}") = "SimplyExamWpf", "SimplyExamWpf\SimplyExamWpf.csproj", "{7744C47B-493A-461E-877B-F3EFA3BF4B75}"
EndProject
Global
	GlobalSection(SolutionConfigurationPlatforms) = preSolution
		Debug|Any CPU = Debug|Any CPU
		Release|Any CPU = Release|Any CPU
	EndGlobalSection
	GlobalSection(ProjectConfigurationPlatforms) = postSolution
		{7744C47B-493A-461E-877B-F3EFA3BF4B75}.Debug|Any CPU.ActiveCfg = Debug|Any CPU
		{7744C47B-493A-461E-877B-F3EFA3BF4B75}.Debug|Any CPU.Build.0 = Debug|Any CPU
		{7744C47B-493A-461E-877B-F3EFA3BF4B75}.Release|Any CPU.ActiveCfg = Release|Any CPU
		{7744C47B-493A-461E-877B-F3EFA3BF4B75}.Release|Any CPU.Build.0 = Release|Any CPU
	EndGlobalSection
	GlobalSection(SolutionProperties) = preSolution
		HideSolutionNode = FALSE
	EndGlobalSection
	GlobalSection(ExtensibilityGlobals) = postSolution
		SolutionGuid = {5660BCB7-B791-413E-85E3-B2178A4836F0}
	EndGlobalSection
EndGlobal
