
Microsoft Visual Studio Solution File, Format Version 12.00
# Visual Studio Version 16
VisualStudioVersion = 16.0.32602.291
MinimumVisualStudioVersion = 10.0.40219.1
Project("{FAE04EC0-301F-11D3-BF4B-00C04F79EFBC}") = "chalet", "chalet\chalet.csproj", "{0A32624B-E828-41F5-96A9-E362E84B5F64}"
EndProject
Global
	GlobalSection(SolutionConfigurationPlatforms) = preSolution
		Debug|Any CPU = Debug|Any CPU
		Release|Any CPU = Release|Any CPU
	EndGlobalSection
	GlobalSection(ProjectConfigurationPlatforms) = postSolution
		{0A32624B-E828-41F5-96A9-E362E84B5F64}.Debug|Any CPU.ActiveCfg = Debug|Any CPU
		{0A32624B-E828-41F5-96A9-E362E84B5F64}.Debug|Any CPU.Build.0 = Debug|Any CPU
		{0A32624B-E828-41F5-96A9-E362E84B5F64}.Release|Any CPU.ActiveCfg = Release|Any CPU
		{0A32624B-E828-41F5-96A9-E362E84B5F64}.Release|Any CPU.Build.0 = Release|Any CPU
	EndGlobalSection
	GlobalSection(SolutionProperties) = preSolution
		HideSolutionNode = FALSE
	EndGlobalSection
	GlobalSection(ExtensibilityGlobals) = postSolution
		SolutionGuid = {107C4A7E-9FE6-47EF-A105-5943A0FAE7C0}
	EndGlobalSection
EndGlobal
